PODS:
  - Alamofire (5.5.0)
  - EmptyDataSet-Swift (5.0.0)
  - JXPagingView/Paging (2.1.2)
  - JXSegmentedView (1.3.0)
  - MJRefresh (3.7.5)
  - RxCocoa (6.5.0):
    - RxRelay (= 6.5.0)
    - RxSwift (= 6.5.0)
  - RxExtensions (0.0.1):
    - RxCocoa
    - RxExtensions/UIKit (= 0.0.1)
    - RxSwift
  - RxExtensions/Alamofire (0.0.1):
    - Alamofire
    - RxCocoa
    - RxSwift
  - RxExtensions/ASAuthorizationAppleIDProvider (0.0.1):
    - RxCocoa
    - RxSwift
  - RxExtensions/EmptyDataSet (0.0.1):
    - EmptyDataSet-Swift
    - RxCocoa
    - RxSwift
  - RxExtensions/JXSegmentedView (0.0.1):
    - JXPagingView/Paging
    - JXSegmentedView
    - RxCocoa
    - RxSwift
  - RxExtensions/MJRefresh (0.0.1):
    - MJRefresh
    - RxCocoa
    - RxSwift
  - RxExtensions/UIKit (0.0.1):
    - RxCocoa
    - RxSwift
  - RxRelay (6.5.0):
    - RxSwift (= 6.5.0)
  - RxSwift (6.5.0)

DEPENDENCIES:
  - RxExtensions (from `../RxExtensions`)
  - RxExtensions/Alamofire (from `../RxExtensions`)
  - RxExtensions/ASAuthorizationAppleIDProvider (from `../RxExtensions`)
  - RxExtensions/EmptyDataSet (from `../RxExtensions`)
  - RxExtensions/JXSegmentedView (from `../RxExtensions`)
  - RxExtensions/MJRefresh (from `../RxExtensions`)

SPEC REPOS:
  trunk:
    - Alamofire
    - EmptyDataSet-Swift
    - JXPagingView
    - JXSegmentedView
    - MJRefresh
    - RxCocoa
    - RxRelay
    - RxSwift

EXTERNAL SOURCES:
  RxExtensions:
    :path: "../RxExtensions"

SPEC CHECKSUMS:
  Alamofire: 1c4fb5369c3fe93d2857c780d8bbe09f06f97e7c
  EmptyDataSet-Swift: eb382c0c87a2d9c678077385a595cec52da38171
  JXPagingView: 90924b364a2ff7e94db534fad1fa50925ff69ee4
  JXSegmentedView: fec0d335355b6e019c494fe2e030bde8a36d2df6
  MJRefresh: fdf5e979eb406a0341468932d1dfc8b7f9fce961
  RxCocoa: 94f817b71c07517321eb4f9ad299112ca8af743b
  RxExtensions: 8e9bfc7b4e16927e05f41bc1ba462940e6c11ed4
  RxRelay: 1de1523e604c72b6c68feadedd1af3b1b4d0ecbd
  RxSwift: 5710a9e6b17f3c3d6e40d6e559b9fa1e813b2ef8

PODFILE CHECKSUM: 36fa0933b5e47e980ee88049d671c96bcd1a8305

COCOAPODS: 1.11.2
